
Microsoft Visual Studio Solution File, Format Version 12.00
# Visual Studio Version 17
VisualStudioVersion = 17.14.36511.14 d17.14
MinimumVisualStudioVersion = 10.0.40219.1
Project("{FAE04EC0-301F-11D3-BF4B-00C04F79EFBC}") = "PublicationPortal", "PublicationPortal\PublicationPortal.csproj", "{54014A74-E2F3-45DC-BF96-2E48B3C0A738}"
EndProject
Project("{FAE04EC0-301F-11D3-BF4B-00C04F79EFBC}") = "PublicationPortal.Tests", "PublicationPortal.Tests\PublicationPortal.Tests.csproj", "{916DC749-DADC-477C-B02A-DEE0846275A0}"
EndProject
Global
	GlobalSection(SolutionConfigurationPlatforms) = preSolution
		Debug|Any CPU = Debug|Any CPU
		Release|Any CPU = Release|Any CPU
	EndGlobalSection
	GlobalSection(ProjectConfigurationPlatforms) = postSolution
		{54014A74-E2F3-45DC-BF96-2E48B3C0A738}.Debug|Any CPU.ActiveCfg = Debug|Any CPU
		{54014A74-E2F3-45DC-BF96-2E48B3C0A738}.Debug|Any CPU.Build.0 = Debug|Any CPU
		{54014A74-E2F3-45DC-BF96-2E48B3C0A738}.Release|Any CPU.ActiveCfg = Release|Any CPU
		{54014A74-E2F3-45DC-BF96-2E48B3C0A738}.Release|Any CPU.Build.0 = Release|Any CPU
		{916DC749-DADC-477C-B02A-DEE0846275A0}.Debug|Any CPU.ActiveCfg = Debug|Any CPU
		{916DC749-DADC-477C-B02A-DEE0846275A0}.Debug|Any CPU.Build.0 = Debug|Any CPU
		{916DC749-DADC-477C-B02A-DEE0846275A0}.Release|Any CPU.ActiveCfg = Release|Any CPU
		{916DC749-DADC-477C-B02A-DEE0846275A0}.Release|Any CPU.Build.0 = Release|Any CPU
	EndGlobalSection
	GlobalSection(SolutionProperties) = preSolution
		HideSolutionNode = FALSE
	EndGlobalSection
	GlobalSection(ExtensibilityGlobals) = postSolution
		SolutionGuid = {50695729-ACDB-4CD1-B03F-D40791BE63D2}
	EndGlobalSection
EndGlobal
